
Microsoft Visual Studio Solution File, Format Version 12.00
# Visual Studio Version 16
VisualStudioVersion = 16.1.3
MinimumVisualStudioVersion = 10.0.40219.1
Project("{2150E333-8FDC-42A3-9474-1A3956D46DE8}") = "Solution Items", "Solution Items", "{310F7EF0-002F-4B32-A4C6-1D0C0DB6DBA6}"
	ProjectSection(SolutionItems) = preProject
		..\LICENSE = ..\LICENSE
		..\README.md = ..\README.md
	EndProjectSection
EndProject
Project("{FAE04EC0-301F-11D3-BF4B-00C04F79EFBC}") = "EF6.TagWith.Tests", "EF6.TagWith.Tests\EF6.TagWith.Tests.csproj", "{FDA18912-D0E2-4B55-BC05-8BABD1C340F1}"
EndProject
Project("{9A19103F-16F7-4668-BE54-9A1E7A4F7556}") = "EF6.TagWith", "EF6.TagWith\EF6.TagWith.csproj", "{98EF723D-9753-471E-A003-A86164C058E8}"
EndProject
Global
	GlobalSection(SolutionConfigurationPlatforms) = preSolution
		Debug|Any CPU = Debug|Any CPU
		Release|Any CPU = Release|Any CPU
	EndGlobalSection
	GlobalSection(ProjectConfigurationPlatforms) = postSolution
		{FDA18912-D0E2-4B55-BC05-8BABD1C340F1}.Debug|Any CPU.ActiveCfg = Debug|Any CPU
		{FDA18912-D0E2-4B55-BC05-8BABD1C340F1}.Debug|Any CPU.Build.0 = Debug|Any CPU
		{FDA18912-D0E2-4B55-BC05-8BABD1C340F1}.Release|Any CPU.ActiveCfg = Release|Any CPU
		{FDA18912-D0E2-4B55-BC05-8BABD1C340F1}.Release|Any CPU.Build.0 = Release|Any CPU
		{98EF723D-9753-471E-A003-A86164C058E8}.Debug|Any CPU.ActiveCfg = Debug|Any CPU
		{98EF723D-9753-471E-A003-A86164C058E8}.Debug|Any CPU.Build.0 = Debug|Any CPU
		{98EF723D-9753-471E-A003-A86164C058E8}.Release|Any CPU.ActiveCfg = Release|Any CPU
		{98EF723D-9753-471E-A003-A86164C058E8}.Release|Any CPU.Build.0 = Release|Any CPU
	EndGlobalSection
	GlobalSection(SolutionProperties) = preSolution
		HideSolutionNode = FALSE
	EndGlobalSection
	GlobalSection(ExtensibilityGlobals) = postSolution
		SolutionGuid = {C4E11D6C-73CC-44C2-8458-9F4731E95C59}
	EndGlobalSection
EndGlobal
